
Microsoft Visual Studio Solution File, Format Version 12.00
# Visual Studio 15
VisualStudioVersion = 15.0.27428.2037
MinimumVisualStudioVersion = 10.0.40219.1
Project("{FAE04EC0-301F-11D3-BF4B-00C04F79EFBC}") = "Pizza", "Pizza\Pizza.csproj", "{2B6B57CA-3861-4C8D-8CE5-1C3AD326C042}"
EndProject
Project("{FAE04EC0-301F-11D3-BF4B-00C04F79EFBC}") = "PhotoSlideShow", "PhotoSlideShow\PhotoSlideShow.csproj", "{55FF164F-49D4-45AC-8EB3-0958AE400C03}"
EndProject
Global
	GlobalSection(SolutionConfigurationPlatforms) = preSolution
		Debug|Any CPU = Debug|Any CPU
		Release|Any CPU = Release|Any CPU
	EndGlobalSection
	GlobalSection(ProjectConfigurationPlatforms) = postSolution
		{2B6B57CA-3861-4C8D-8CE5-1C3AD326C042}.Debug|Any CPU.ActiveCfg = Debug|Any CPU
		{2B6B57CA-3861-4C8D-8CE5-1C3AD326C042}.Debug|Any CPU.Build.0 = Debug|Any CPU
		{2B6B57CA-3861-4C8D-8CE5-1C3AD326C042}.Release|Any CPU.ActiveCfg = Release|Any CPU
		{2B6B57CA-3861-4C8D-8CE5-1C3AD326C042}.Release|Any CPU.Build.0 = Release|Any CPU
		{55FF164F-49D4-45AC-8EB3-0958AE400C03}.Debug|Any CPU.ActiveCfg = Debug|Any CPU
		{55FF164F-49D4-45AC-8EB3-0958AE400C03}.Debug|Any CPU.Build.0 = Debug|Any CPU
		{55FF164F-49D4-45AC-8EB3-0958AE400C03}.Release|Any CPU.ActiveCfg = Release|Any CPU
		{55FF164F-49D4-45AC-8EB3-0958AE400C03}.Release|Any CPU.Build.0 = Release|Any CPU
	EndGlobalSection
	GlobalSection(SolutionProperties) = preSolution
		HideSolutionNode = FALSE
	EndGlobalSection
	GlobalSection(ExtensibilityGlobals) = postSolution
		SolutionGuid = {5D6657A1-87B9-41F8-980D-EAD870A06363}
	EndGlobalSection
EndGlobal
